
Microsoft Visual Studio Solution File, Format Version 12.00
# Visual Studio Version 17
VisualStudioVersion = 17.14.36511.14 d17.14
MinimumVisualStudioVersion = 10.0.40219.1
Project("{FAE04EC0-301F-11D3-BF4B-00C04F79EFBC}") = "DeliveryService", "DeliveryService\DeliveryService.csproj", "{C5BB7C06-8E29-4E95-B505-E00B2DF9DC2A}"
EndProject
Global
	GlobalSection(SolutionConfigurationPlatforms) = preSolution
		Debug|Any CPU = Debug|Any CPU
		Release|Any CPU = Release|Any CPU
	EndGlobalSection
	GlobalSection(ProjectConfigurationPlatforms) = postSolution
		{C5BB7C06-8E29-4E95-B505-E00B2DF9DC2A}.Debug|Any CPU.ActiveCfg = Debug|Any CPU
		{C5BB7C06-8E29-4E95-B505-E00B2DF9DC2A}.Debug|Any CPU.Build.0 = Debug|Any CPU
		{C5BB7C06-8E29-4E95-B505-E00B2DF9DC2A}.Release|Any CPU.ActiveCfg = Release|Any CPU
		{C5BB7C06-8E29-4E95-B505-E00B2DF9DC2A}.Release|Any CPU.Build.0 = Release|Any CPU
	EndGlobalSection
	GlobalSection(SolutionProperties) = preSolution
		HideSolutionNode = FALSE
	EndGlobalSection
	GlobalSection(ExtensibilityGlobals) = postSolution
		SolutionGuid = {20C9E6D9-3191-4772-81E2-A67D7E3E8DF6}
	EndGlobalSection
EndGlobal
